<?xml version="1.0" encoding="utf-8"?>
<Project ToolsVersion="4.0" xmlns="http://schemas.microsoft.com/developer/msbuild/2003">
  <ItemGroup>
    <Filter Include="Make files">
      <UniqueIdentifier>{af4753eb-16b3-432e-963f-21009bec85fd}</UniqueIdentifier>
      <Extensions>*.mak</Extensions>
    </Filter>
    <Filter Include="src">
      <UniqueIdentifier>{c762e17c-856e-40c3-b4d9-3adef018d1ee}</UniqueIdentifier>
      <Extensions>cpp;c;cc;cxx;def;odl;idl;hpj;bat;asm;asmx</Extensions>
    </Filter>
    <Filter Include="conf">
      <UniqueIdentifier>{4126283a-22de-4208-bf03-62575eb87459}</UniqueIdentifier>
    </Filter>
    <Filter Include="src\protocol">
      <UniqueIdentifier>{51bd84d8-e582-46bf-bda6-dda0d540d879}</UniqueIdentifier>
    </Filter>
    <Filter Include="src\protocol\protobuf">
      <UniqueIdentifier>{6b884fd9-7621-4483-8549-0b2980288a05}</UniqueIdentifier>
    </Filter>
    <Filter Include="src\protocol\protobuf\proto">
      <UniqueIdentifier>{929d7a55-6f4e-4e1f-8dca-b7c98e3755b7}</UniqueIdentifier>
    </Filter>
    <Filter Include="src\protocol\protobuf\proto_cpp">
      <UniqueIdentifier>{760a59cb-b314-427a-9adf-1749227fcf4e}</UniqueIdentifier>
    </Filter>
    <Filter Include="src\config">
      <UniqueIdentifier>{68b22243-6224-4097-8639-a592ed6a39af}</UniqueIdentifier>
    </Filter>
    <Filter Include="src\core">
      <UniqueIdentifier>{5ce92de8-0ab4-4320-a2da-2389dc30fec8}</UniqueIdentifier>
    </Filter>
    <Filter Include="src\log">
      <UniqueIdentifier>{77964c29-021c-4886-af41-19517d48f0c8}</UniqueIdentifier>
    </Filter>
    <Filter Include="src\tool">
      <UniqueIdentifier>{aefe98d9-6bbf-4590-a153-eccb2b5edf9e}</UniqueIdentifier>
    </Filter>
    <Filter Include="src\handle">
      <UniqueIdentifier>{de8267a8-cee1-46d8-84e0-ebe45ea2cbcf}</UniqueIdentifier>
    </Filter>
    <Filter Include="src\handle\client">
      <UniqueIdentifier>{5feb5165-992c-47a2-8888-c138b201689a}</UniqueIdentifier>
    </Filter>
  </ItemGroup>
  <ItemGroup>
    <None Include="Makefile" />
    <None Include="debug.mak">
      <Filter>Make files</Filter>
    </None>
    <None Include="release.mak">
      <Filter>Make files</Filter>
    </None>
    <None Include="conf\service.json">
      <Filter>conf</Filter>
    </None>
    <None Include="conf\center_0.json">
      <Filter>conf</Filter>
    </None>
    <None Include="src\protocol\protobuf\proto\center.proto">
      <Filter>src\protocol\protobuf\proto</Filter>
    </None>
    <None Include="src\protocol\protobuf\proto\common.proto">
      <Filter>src\protocol\protobuf\proto</Filter>
    </None>
    <None Include="src\protocol\protobuf\proto\data.proto">
      <Filter>src\protocol\protobuf\proto</Filter>
    </None>
    <None Include="src\protocol\protobuf\proto\data_format.proto">
      <Filter>src\protocol\protobuf\proto</Filter>
    </None>
    <None Include="src\protocol\protobuf\proto\gate.proto">
      <Filter>src\protocol\protobuf\proto</Filter>
    </None>
    <None Include="src\protocol\protobuf\proto\logic.proto">
      <Filter>src\protocol\protobuf\proto</Filter>
    </None>
    <None Include="src\protocol\protobuf\proto\navigate.proto">
      <Filter>src\protocol\protobuf\proto</Filter>
    </None>
    <None Include="src\protocol\protobuf\proto\proxy.proto">
      <Filter>src\protocol\protobuf\proto</Filter>
    </None>
    <None Include="src\protocol\protobuf\proto\service.proto">
      <Filter>src\protocol\protobuf\proto</Filter>
    </None>
    <None Include="src\protocol\protobuf\proto\version.proto">
      <Filter>src\protocol\protobuf\proto</Filter>
    </None>
  </ItemGroup>
  <ItemGroup>
    <ClCompile Include="src\protocol\protobuf\CenterStack.cc">
      <Filter>src\protocol\protobuf</Filter>
    </ClCompile>
    <ClCompile Include="src\protocol\protobuf\proto_cpp\center.pb.cc">
      <Filter>src\protocol\protobuf\proto_cpp</Filter>
    </ClCompile>
    <ClCompile Include="src\protocol\protobuf\proto_cpp\common.pb.cc">
      <Filter>src\protocol\protobuf\proto_cpp</Filter>
    </ClCompile>
    <ClCompile Include="src\protocol\protobuf\proto_cpp\data.pb.cc">
      <Filter>src\protocol\protobuf\proto_cpp</Filter>
    </ClCompile>
    <ClCompile Include="src\protocol\protobuf\proto_cpp\data_format.pb.cc">
      <Filter>src\protocol\protobuf\proto_cpp</Filter>
    </ClCompile>
    <ClCompile Include="src\protocol\protobuf\proto_cpp\gate.pb.cc">
      <Filter>src\protocol\protobuf\proto_cpp</Filter>
    </ClCompile>
    <ClCompile Include="src\protocol\protobuf\proto_cpp\logic.pb.cc">
      <Filter>src\protocol\protobuf\proto_cpp</Filter>
    </ClCompile>
    <ClCompile Include="src\protocol\protobuf\proto_cpp\navigate.pb.cc">
      <Filter>src\protocol\protobuf\proto_cpp</Filter>
    </ClCompile>
    <ClCompile Include="src\protocol\protobuf\proto_cpp\proxy.pb.cc">
      <Filter>src\protocol\protobuf\proto_cpp</Filter>
    </ClCompile>
    <ClCompile Include="src\protocol\protobuf\proto_cpp\service.pb.cc">
      <Filter>src\protocol\protobuf\proto_cpp</Filter>
    </ClCompile>
    <ClCompile Include="src\protocol\protobuf\proto_cpp\version.pb.cc">
      <Filter>src\protocol\protobuf\proto_cpp</Filter>
    </ClCompile>
    <ClCompile Include="src\main.cc">
      <Filter>src</Filter>
    </ClCompile>
    <ClCompile Include="src\tool\Util.cc">
      <Filter>src\tool</Filter>
    </ClCompile>
    <ClCompile Include="src\log\Log.cc">
      <Filter>src\log</Filter>
    </ClCompile>
    <ClCompile Include="src\core\BHttpServer.cc">
      <Filter>src\core</Filter>
    </ClCompile>
    <ClCompile Include="src\core\BTcpClient.cc">
      <Filter>src\core</Filter>
    </ClCompile>
    <ClCompile Include="src\core\BTcpClientPool.cc">
      <Filter>src\core</Filter>
    </ClCompile>
    <ClCompile Include="src\core\Codec.cc">
      <Filter>src\core</Filter>
    </ClCompile>
    <ClCompile Include="src\core\Packet.cc">
      <Filter>src\core</Filter>
    </ClCompile>
    <ClCompile Include="src\core\Prober.cc">
      <Filter>src\core</Filter>
    </ClCompile>
    <ClCompile Include="src\core\Proc.cc">
      <Filter>src\core</Filter>
    </ClCompile>
    <ClCompile Include="src\core\Seq.cc">
      <Filter>src\core</Filter>
    </ClCompile>
    <ClCompile Include="src\core\SignalHandle.cc">
      <Filter>src\core</Filter>
    </ClCompile>
    <ClCompile Include="src\core\Timer.cc">
      <Filter>src\core</Filter>
    </ClCompile>
    <ClCompile Include="src\config\Config.cc">
      <Filter>src\config</Filter>
    </ClCompile>
    <ClCompile Include="src\config\ServiceConfig.cc">
      <Filter>src\config</Filter>
    </ClCompile>
    <ClCompile Include="src\config\Derivative.cc">
      <Filter>src\config</Filter>
    </ClCompile>
    <ClCompile Include="src\core\TaskMsgPool.cc">
      <Filter>src\core</Filter>
    </ClCompile>
    <ClCompile Include="src\handle\HandleClient.cc">
      <Filter>src\handle</Filter>
    </ClCompile>
    <ClCompile Include="src\handle\client\Heartbeat.cc">
      <Filter>src\handle\client</Filter>
    </ClCompile>
    <ClCompile Include="src\core\TaskMsgBase.cc">
      <Filter>src\core</Filter>
    </ClCompile>
  </ItemGroup>
  <ItemGroup>
    <ClInclude Include="src\protocol\Protocol.h">
      <Filter>src\protocol</Filter>
    </ClInclude>
    <ClInclude Include="src\protocol\protobuf\CenterStack.h">
      <Filter>src\protocol\protobuf</Filter>
    </ClInclude>
    <ClInclude Include="src\protocol\protobuf\proto_cpp\center.pb.h">
      <Filter>src\protocol\protobuf\proto_cpp</Filter>
    </ClInclude>
    <ClInclude Include="src\protocol\protobuf\proto_cpp\common.pb.h">
      <Filter>src\protocol\protobuf\proto_cpp</Filter>
    </ClInclude>
    <ClInclude Include="src\protocol\protobuf\proto_cpp\data.pb.h">
      <Filter>src\protocol\protobuf\proto_cpp</Filter>
    </ClInclude>
    <ClInclude Include="src\protocol\protobuf\proto_cpp\data_format.pb.h">
      <Filter>src\protocol\protobuf\proto_cpp</Filter>
    </ClInclude>
    <ClInclude Include="src\protocol\protobuf\proto_cpp\gate.pb.h">
      <Filter>src\protocol\protobuf\proto_cpp</Filter>
    </ClInclude>
    <ClInclude Include="src\protocol\protobuf\proto_cpp\logic.pb.h">
      <Filter>src\protocol\protobuf\proto_cpp</Filter>
    </ClInclude>
    <ClInclude Include="src\protocol\protobuf\proto_cpp\navigate.pb.h">
      <Filter>src\protocol\protobuf\proto_cpp</Filter>
    </ClInclude>
    <ClInclude Include="src\protocol\protobuf\proto_cpp\proxy.pb.h">
      <Filter>src\protocol\protobuf\proto_cpp</Filter>
    </ClInclude>
    <ClInclude Include="src\protocol\protobuf\proto_cpp\service.pb.h">
      <Filter>src\protocol\protobuf\proto_cpp</Filter>
    </ClInclude>
    <ClInclude Include="src\protocol\protobuf\proto_cpp\version.pb.h">
      <Filter>src\protocol\protobuf\proto_cpp</Filter>
    </ClInclude>
    <ClInclude Include="src\define.h">
      <Filter>src</Filter>
    </ClInclude>
    <ClInclude Include="src\tool\Util.h">
      <Filter>src\tool</Filter>
    </ClInclude>
    <ClInclude Include="src\log\Log.h">
      <Filter>src\log</Filter>
    </ClInclude>
    <ClInclude Include="src\core\BHttpServer.h">
      <Filter>src\core</Filter>
    </ClInclude>
    <ClInclude Include="src\core\BTcpClient.h">
      <Filter>src\core</Filter>
    </ClInclude>
    <ClInclude Include="src\core\BTcpClientPool.h">
      <Filter>src\core</Filter>
    </ClInclude>
    <ClInclude Include="src\core\Codec.h">
      <Filter>src\core</Filter>
    </ClInclude>
    <ClInclude Include="src\core\Packet.h">
      <Filter>src\core</Filter>
    </ClInclude>
    <ClInclude Include="src\core\Prober.h">
      <Filter>src\core</Filter>
    </ClInclude>
    <ClInclude Include="src\core\Proc.h">
      <Filter>src\core</Filter>
    </ClInclude>
    <ClInclude Include="src\core\Seq.h">
      <Filter>src\core</Filter>
    </ClInclude>
    <ClInclude Include="src\core\SignalHandle.h">
      <Filter>src\core</Filter>
    </ClInclude>
    <ClInclude Include="src\core\Timer.h">
      <Filter>src\core</Filter>
    </ClInclude>
    <ClInclude Include="src\config\Config.h">
      <Filter>src\config</Filter>
    </ClInclude>
    <ClInclude Include="src\config\ServiceConfig.h">
      <Filter>src\config</Filter>
    </ClInclude>
    <ClInclude Include="src\config\Derivative.h">
      <Filter>src\config</Filter>
    </ClInclude>
    <ClInclude Include="src\core\TaskMsgPool.h">
      <Filter>src\core</Filter>
    </ClInclude>
    <ClInclude Include="src\handle\HandleClient.h">
      <Filter>src\handle</Filter>
    </ClInclude>
    <ClInclude Include="src\handle\client\Heartbeat.h">
      <Filter>src\handle\client</Filter>
    </ClInclude>
    <ClInclude Include="src\core\TaskMsgBase.h">
      <Filter>src\core</Filter>
    </ClInclude>
  </ItemGroup>
</Project>