
Microsoft Visual Studio Solution File, Format Version 12.00
# Visual Studio 2012
Project("{8BC9CEB8-8B4A-11D0-8D11-00A0C91BC942}") = "navigate", "navigate\navigate.vcxproj", "{607D2424-2574-4A63-9E69-289DFECFED30}"
EndProject
Project("{8BC9CEB8-8B4A-11D0-8D11-00A0C91BC942}") = "center", "center\center.vcxproj", "{BB668541-7B61-483B-B55D-52A581491AF3}"
EndProject
Project("{8BC9CEB8-8B4A-11D0-8D11-00A0C91BC942}") = "logic", "logic\logic.vcxproj", "{DF8B897D-634A-4292-A997-F5C6E3A729BC}"
EndProject
Project("{8BC9CEB8-8B4A-11D0-8D11-00A0C91BC942}") = "gate", "gate\gate.vcxproj", "{D34F160F-A2A6-4165-9FB3-9ABAF89026AC}"
EndProject
Global
	GlobalSection(SolutionConfigurationPlatforms) = preSolution
		Debug|Win32 = Debug|Win32
		Release|Win32 = Release|Win32
	EndGlobalSection
	GlobalSection(ProjectConfigurationPlatforms) = postSolution
		{607D2424-2574-4A63-9E69-289DFECFED30}.Debug|Win32.ActiveCfg = Debug|Win32
		{607D2424-2574-4A63-9E69-289DFECFED30}.Debug|Win32.Build.0 = Debug|Win32
		{607D2424-2574-4A63-9E69-289DFECFED30}.Release|Win32.ActiveCfg = Release|Win32
		{607D2424-2574-4A63-9E69-289DFECFED30}.Release|Win32.Build.0 = Release|Win32
		{BB668541-7B61-483B-B55D-52A581491AF3}.Debug|Win32.ActiveCfg = Debug|Win32
		{BB668541-7B61-483B-B55D-52A581491AF3}.Debug|Win32.Build.0 = Debug|Win32
		{BB668541-7B61-483B-B55D-52A581491AF3}.Release|Win32.ActiveCfg = Release|Win32
		{BB668541-7B61-483B-B55D-52A581491AF3}.Release|Win32.Build.0 = Release|Win32
		{DF8B897D-634A-4292-A997-F5C6E3A729BC}.Debug|Win32.ActiveCfg = Debug|Win32
		{DF8B897D-634A-4292-A997-F5C6E3A729BC}.Debug|Win32.Build.0 = Debug|Win32
		{DF8B897D-634A-4292-A997-F5C6E3A729BC}.Release|Win32.ActiveCfg = Release|Win32
		{DF8B897D-634A-4292-A997-F5C6E3A729BC}.Release|Win32.Build.0 = Release|Win32
		{D34F160F-A2A6-4165-9FB3-9ABAF89026AC}.Debug|Win32.ActiveCfg = Debug|Win32
		{D34F160F-A2A6-4165-9FB3-9ABAF89026AC}.Debug|Win32.Build.0 = Debug|Win32
		{D34F160F-A2A6-4165-9FB3-9ABAF89026AC}.Release|Win32.ActiveCfg = Release|Win32
		{D34F160F-A2A6-4165-9FB3-9ABAF89026AC}.Release|Win32.Build.0 = Release|Win32
	EndGlobalSection
	GlobalSection(SolutionProperties) = preSolution
		HideSolutionNode = FALSE
	EndGlobalSection
EndGlobal
