<?xml version="1.0" encoding="utf-8"?>
<Project ToolsVersion="4.0" xmlns="http://schemas.microsoft.com/developer/msbuild/2003">
  <ItemGroup>
    <Filter Include="Make files">
      <UniqueIdentifier>{e15cc4c7-839b-4b61-8511-ee1b87580515}</UniqueIdentifier>
      <Extensions>*.mak</Extensions>
    </Filter>
    <Filter Include="src">
      <UniqueIdentifier>{2ea158a6-af22-4b2b-9e1c-11dcdbb4d850}</UniqueIdentifier>
      <Extensions>cpp;c;cc;cxx;def;odl;idl;hpj;bat;asm;asmx</Extensions>
    </Filter>
    <Filter Include="conf">
      <UniqueIdentifier>{101efeb2-fd59-4f7b-a076-af0e95ffc50b}</UniqueIdentifier>
    </Filter>
    <Filter Include="src\protocol">
      <UniqueIdentifier>{0b88cc3b-a1ff-472f-a26a-593faf429f73}</UniqueIdentifier>
    </Filter>
    <Filter Include="src\handle">
      <UniqueIdentifier>{c20c95a0-541a-4f91-89c1-406ff21aceca}</UniqueIdentifier>
    </Filter>
    <Filter Include="src\handle\req">
      <UniqueIdentifier>{757e8063-cdb5-478e-9083-fc5f907ce63a}</UniqueIdentifier>
    </Filter>
    <Filter Include="src\protocol\protobuf">
      <UniqueIdentifier>{2d4faed8-aaab-4f55-b035-1316b973a268}</UniqueIdentifier>
    </Filter>
    <Filter Include="src\protocol\protobuf\proto">
      <UniqueIdentifier>{c035ccfc-7f27-443f-bbac-fbf25aa9a7ad}</UniqueIdentifier>
    </Filter>
    <Filter Include="src\protocol\protobuf\proto_cpp">
      <UniqueIdentifier>{a5c9cac6-7227-4640-acda-e8d8e704ac67}</UniqueIdentifier>
    </Filter>
  </ItemGroup>
  <ItemGroup>
    <None Include="Makefile" />
    <None Include="debug.mak">
      <Filter>Make files</Filter>
    </None>
    <None Include="release.mak">
      <Filter>Make files</Filter>
    </None>
    <None Include="conf\navigate_0.json">
      <Filter>conf</Filter>
    </None>
    <None Include="src\protocol\protobuf\proto\center.proto">
      <Filter>src\protocol\protobuf\proto</Filter>
    </None>
    <None Include="src\protocol\protobuf\proto\common.proto">
      <Filter>src\protocol\protobuf\proto</Filter>
    </None>
    <None Include="src\protocol\protobuf\proto\data.proto">
      <Filter>src\protocol\protobuf\proto</Filter>
    </None>
    <None Include="src\protocol\protobuf\proto\data_format.proto">
      <Filter>src\protocol\protobuf\proto</Filter>
    </None>
    <None Include="src\protocol\protobuf\proto\gate.proto">
      <Filter>src\protocol\protobuf\proto</Filter>
    </None>
    <None Include="src\protocol\protobuf\proto\logic.proto">
      <Filter>src\protocol\protobuf\proto</Filter>
    </None>
    <None Include="src\protocol\protobuf\proto\navigate.proto">
      <Filter>src\protocol\protobuf\proto</Filter>
    </None>
    <None Include="src\protocol\protobuf\proto\proxy.proto">
      <Filter>src\protocol\protobuf\proto</Filter>
    </None>
    <None Include="src\protocol\protobuf\proto\service.proto">
      <Filter>src\protocol\protobuf\proto</Filter>
    </None>
    <None Include="src\protocol\protobuf\proto\version.proto">
      <Filter>src\protocol\protobuf\proto</Filter>
    </None>
  </ItemGroup>
  <ItemGroup>
    <ClCompile Include="src\BHttpServer.cc">
      <Filter>src</Filter>
    </ClCompile>
    <ClCompile Include="src\Config.cc">
      <Filter>src</Filter>
    </ClCompile>
    <ClCompile Include="src\Log.cc">
      <Filter>src</Filter>
    </ClCompile>
    <ClCompile Include="src\main.cc">
      <Filter>src</Filter>
    </ClCompile>
    <ClCompile Include="src\Proc.cc">
      <Filter>src</Filter>
    </ClCompile>
    <ClCompile Include="src\Seq.cc">
      <Filter>src</Filter>
    </ClCompile>
    <ClCompile Include="src\ServiceConfig.cc">
      <Filter>src</Filter>
    </ClCompile>
    <ClCompile Include="src\SignalHandle.cc">
      <Filter>src</Filter>
    </ClCompile>
    <ClCompile Include="src\Timer.cc">
      <Filter>src</Filter>
    </ClCompile>
    <ClCompile Include="src\Util.cc">
      <Filter>src</Filter>
    </ClCompile>
    <ClCompile Include="src\BTcpServer.cc">
      <Filter>src</Filter>
    </ClCompile>
    <ClCompile Include="src\Codec.cc">
      <Filter>src</Filter>
    </ClCompile>
    <ClCompile Include="src\Packet.cc">
      <Filter>src</Filter>
    </ClCompile>
    <ClCompile Include="src\handle\HandleReq.cc">
      <Filter>src\handle</Filter>
    </ClCompile>
    <ClCompile Include="src\protocol\protobuf\CenterStack.cc">
      <Filter>src\protocol\protobuf</Filter>
    </ClCompile>
    <ClCompile Include="src\protocol\protobuf\NavigateStack.cc">
      <Filter>src\protocol\protobuf</Filter>
    </ClCompile>
    <ClCompile Include="src\protocol\protobuf\proto_cpp\center.pb.cc">
      <Filter>src\protocol\protobuf\proto_cpp</Filter>
    </ClCompile>
    <ClCompile Include="src\protocol\protobuf\proto_cpp\common.pb.cc">
      <Filter>src\protocol\protobuf\proto_cpp</Filter>
    </ClCompile>
    <ClCompile Include="src\protocol\protobuf\proto_cpp\data.pb.cc">
      <Filter>src\protocol\protobuf\proto_cpp</Filter>
    </ClCompile>
    <ClCompile Include="src\protocol\protobuf\proto_cpp\data_format.pb.cc">
      <Filter>src\protocol\protobuf\proto_cpp</Filter>
    </ClCompile>
    <ClCompile Include="src\protocol\protobuf\proto_cpp\gate.pb.cc">
      <Filter>src\protocol\protobuf\proto_cpp</Filter>
    </ClCompile>
    <ClCompile Include="src\protocol\protobuf\proto_cpp\logic.pb.cc">
      <Filter>src\protocol\protobuf\proto_cpp</Filter>
    </ClCompile>
    <ClCompile Include="src\protocol\protobuf\proto_cpp\navigate.pb.cc">
      <Filter>src\protocol\protobuf\proto_cpp</Filter>
    </ClCompile>
    <ClCompile Include="src\protocol\protobuf\proto_cpp\proxy.pb.cc">
      <Filter>src\protocol\protobuf\proto_cpp</Filter>
    </ClCompile>
    <ClCompile Include="src\protocol\protobuf\proto_cpp\service.pb.cc">
      <Filter>src\protocol\protobuf\proto_cpp</Filter>
    </ClCompile>
    <ClCompile Include="src\protocol\protobuf\proto_cpp\version.pb.cc">
      <Filter>src\protocol\protobuf\proto_cpp</Filter>
    </ClCompile>
    <ClCompile Include="src\handle\req\HeartbeatReq.cc">
      <Filter>src\handle\req</Filter>
    </ClCompile>
  </ItemGroup>
  <ItemGroup>
    <ClInclude Include="src\BHttpServer.h">
      <Filter>src</Filter>
    </ClInclude>
    <ClInclude Include="src\Config.h">
      <Filter>src</Filter>
    </ClInclude>
    <ClInclude Include="src\Log.h">
      <Filter>src</Filter>
    </ClInclude>
    <ClInclude Include="src\Proc.h">
      <Filter>src</Filter>
    </ClInclude>
    <ClInclude Include="src\Seq.h">
      <Filter>src</Filter>
    </ClInclude>
    <ClInclude Include="src\ServiceConfig.h">
      <Filter>src</Filter>
    </ClInclude>
    <ClInclude Include="src\SignalHandle.h">
      <Filter>src</Filter>
    </ClInclude>
    <ClInclude Include="src\Timer.h">
      <Filter>src</Filter>
    </ClInclude>
    <ClInclude Include="src\Util.h">
      <Filter>src</Filter>
    </ClInclude>
    <ClInclude Include="src\BTcpServer.h">
      <Filter>src</Filter>
    </ClInclude>
    <ClInclude Include="src\Define.h">
      <Filter>src</Filter>
    </ClInclude>
    <ClInclude Include="src\Codec.h">
      <Filter>src</Filter>
    </ClInclude>
    <ClInclude Include="src\Packet.h">
      <Filter>src</Filter>
    </ClInclude>
    <ClInclude Include="src\protocol\Protocol.h">
      <Filter>src\protocol</Filter>
    </ClInclude>
    <ClInclude Include="src\handle\HandleReq.h">
      <Filter>src\handle</Filter>
    </ClInclude>
    <ClInclude Include="src\protocol\protobuf\CenterStack.h">
      <Filter>src\protocol\protobuf</Filter>
    </ClInclude>
    <ClInclude Include="src\protocol\protobuf\NavigateStack.h">
      <Filter>src\protocol\protobuf</Filter>
    </ClInclude>
    <ClInclude Include="src\protocol\protobuf\proto_cpp\center.pb.h">
      <Filter>src\protocol\protobuf\proto_cpp</Filter>
    </ClInclude>
    <ClInclude Include="src\protocol\protobuf\proto_cpp\common.pb.h">
      <Filter>src\protocol\protobuf\proto_cpp</Filter>
    </ClInclude>
    <ClInclude Include="src\protocol\protobuf\proto_cpp\data.pb.h">
      <Filter>src\protocol\protobuf\proto_cpp</Filter>
    </ClInclude>
    <ClInclude Include="src\protocol\protobuf\proto_cpp\data_format.pb.h">
      <Filter>src\protocol\protobuf\proto_cpp</Filter>
    </ClInclude>
    <ClInclude Include="src\protocol\protobuf\proto_cpp\gate.pb.h">
      <Filter>src\protocol\protobuf\proto_cpp</Filter>
    </ClInclude>
    <ClInclude Include="src\protocol\protobuf\proto_cpp\logic.pb.h">
      <Filter>src\protocol\protobuf\proto_cpp</Filter>
    </ClInclude>
    <ClInclude Include="src\protocol\protobuf\proto_cpp\navigate.pb.h">
      <Filter>src\protocol\protobuf\proto_cpp</Filter>
    </ClInclude>
    <ClInclude Include="src\protocol\protobuf\proto_cpp\proxy.pb.h">
      <Filter>src\protocol\protobuf\proto_cpp</Filter>
    </ClInclude>
    <ClInclude Include="src\protocol\protobuf\proto_cpp\service.pb.h">
      <Filter>src\protocol\protobuf\proto_cpp</Filter>
    </ClInclude>
    <ClInclude Include="src\protocol\protobuf\proto_cpp\version.pb.h">
      <Filter>src\protocol\protobuf\proto_cpp</Filter>
    </ClInclude>
    <ClInclude Include="src\handle\req\HeartbeatReq.h">
      <Filter>src\handle\req</Filter>
    </ClInclude>
  </ItemGroup>
</Project>